
Microsoft Visual Studio Solution File, Format Version 12.00
# Visual Studio Version 17
VisualStudioVersion = 17.9.34407.89
MinimumVisualStudioVersion = 10.0.40219.1
Project("{FAE04EC0-301F-11D3-BF4B-00C04F79EFBC}") = "LogFM", "LogFM\LogFM.csproj", "{DC2AD528-2055-467C-9978-D6E46CB42DEE}"
EndProject
Global
	GlobalSection(SolutionConfigurationPlatforms) = preSolution
		Debug|Any CPU = Debug|Any CPU
		Release|Any CPU = Release|Any CPU
	EndGlobalSection
	GlobalSection(ProjectConfigurationPlatforms) = postSolution
		{DC2AD528-2055-467C-9978-D6E46CB42DEE}.Debug|Any CPU.ActiveCfg = Debug|Any CPU
		{DC2AD528-2055-467C-9978-D6E46CB42DEE}.Debug|Any CPU.Build.0 = Debug|Any CPU
		{DC2AD528-2055-467C-9978-D6E46CB42DEE}.Release|Any CPU.ActiveCfg = Release|Any CPU
		{DC2AD528-2055-467C-9978-D6E46CB42DEE}.Release|Any CPU.Build.0 = Release|Any CPU
	EndGlobalSection
	GlobalSection(SolutionProperties) = preSolution
		HideSolutionNode = FALSE
	EndGlobalSection
	GlobalSection(ExtensibilityGlobals) = postSolution
		SolutionGuid = {F5A7E49A-EACD-4B26-BF96-3C1DFAC001C0}
	EndGlobalSection
EndGlobal
